
Microsoft Visual Studio Solution File, Format Version 12.00
# Visual Studio Version 16
VisualStudioVersion = 16.0.31112.23
MinimumVisualStudioVersion = 10.0.40219.1
Project("{8BC9CEB8-8B4A-11D0-8D11-00A0C91BC942}") = "StablerCharacter-cpp-vs", "StablerCharacter-cpp-vs.vcxproj", "{6F82AA75-CB41-45A8-B4C0-97373928D4A1}"
EndProject
Project("{8BC9CEB8-8B4A-11D0-8D11-00A0C91BC942}") = "Sandbox", "Sandbox\Sandbox.vcxproj", "{6071D824-223A-493A-881B-F43EADAD4845}"
EndProject
Global
	GlobalSection(SolutionConfigurationPlatforms) = preSolution
		Debug|x64 = Debug|x64
		Release|x64 = Release|x64
	EndGlobalSection
	GlobalSection(ProjectConfigurationPlatforms) = postSolution
		{6F82AA75-CB41-45A8-B4C0-97373928D4A1}.Debug|x64.ActiveCfg = Debug|x64
		{6F82AA75-CB41-45A8-B4C0-97373928D4A1}.Debug|x64.Build.0 = Debug|x64
		{6F82AA75-CB41-45A8-B4C0-97373928D4A1}.Release|x64.ActiveCfg = Release|x64
		{6F82AA75-CB41-45A8-B4C0-97373928D4A1}.Release|x64.Build.0 = Release|x64
		{6071D824-223A-493A-881B-F43EADAD4845}.Debug|x64.ActiveCfg = Debug|x64
		{6071D824-223A-493A-881B-F43EADAD4845}.Debug|x64.Build.0 = Debug|x64
		{6071D824-223A-493A-881B-F43EADAD4845}.Release|x64.ActiveCfg = Release|x64
		{6071D824-223A-493A-881B-F43EADAD4845}.Release|x64.Build.0 = Release|x64
	EndGlobalSection
	GlobalSection(SolutionProperties) = preSolution
		HideSolutionNode = FALSE
	EndGlobalSection
	GlobalSection(ExtensibilityGlobals) = postSolution
		SolutionGuid = {2A189BFA-626A-460E-9801-1C6D3F946F96}
	EndGlobalSection
EndGlobal
